
Microsoft Visual Studio Solution File, Format Version 12.00
Project("{FAE04EC0-301F-11D3-BF4B-00C04F79EFBC}") = "Altan.Core", "Altan.Core\Altan.Core.csproj", "{7357BC80-EA8E-4294-8E49-96F677743DEE}"
EndProject
Project("{FAE04EC0-301F-11D3-BF4B-00C04F79EFBC}") = "Altan.EntityFramework", "Altan.EntityFramework\Altan.EntityFramework.csproj", "{A7107A48-1551-46C5-A383-7BD0C139590D}"
EndProject
Project("{FAE04EC0-301F-11D3-BF4B-00C04F79EFBC}") = "Altan.Application", "Altan.Application\Altan.Application.csproj", "{A632FA54-51EA-4A07-8B56-69145F65E0AA}"
EndProject
Project("{FAE04EC0-301F-11D3-BF4B-00C04F79EFBC}") = "Altan.API", "Altan.API\Altan.API.csproj", "{45CF5B1E-A7F5-4378-8A54-5A3087E2D643}"
EndProject
Project("{FAE04EC0-301F-11D3-BF4B-00C04F79EFBC}") = "Altan.Application.Contract", "Altan.Application.Contract\Altan.Application.Contract.csproj", "{7C5E32B9-4EAE-47D7-A5CD-F17A0612C0FF}"
EndProject
Project("{FAE04EC0-301F-11D3-BF4B-00C04F79EFBC}") = "Altan.Core.Shared", "Altan.Core.Shared\Altan.Core.Shared.csproj", "{3B3AAC22-B058-42E4-A98C-1EBFB2596FEF}"
EndProject
Project("{FAE04EC0-301F-11D3-BF4B-00C04F79EFBC}") = "Altan.Application.Tests", "Altan.Application.Tests\Altan.Application.Tests.csproj", "{308C159E-5ECC-410E-8FD9-8EA4674D2169}"
EndProject
Project("{FAE04EC0-301F-11D3-BF4B-00C04F79EFBC}") = "Altan.Core.Tests", "Altan.Core.Tests\Altan.Core.Tests.csproj", "{5B484361-3E10-407C-BFB8-1F8D845EC374}"
EndProject
Project("{FAE04EC0-301F-11D3-BF4B-00C04F79EFBC}") = "Altan.API.Tests", "Altan.API.Tests\Altan.API.Tests.csproj", "{944EBBA3-8B0E-4711-BD7A-5D6D4174609A}"
EndProject
Global
	GlobalSection(SolutionConfigurationPlatforms) = preSolution
		Debug|Any CPU = Debug|Any CPU
		Release|Any CPU = Release|Any CPU
	EndGlobalSection
	GlobalSection(ProjectConfigurationPlatforms) = postSolution
		{7357BC80-EA8E-4294-8E49-96F677743DEE}.Debug|Any CPU.ActiveCfg = Debug|Any CPU
		{7357BC80-EA8E-4294-8E49-96F677743DEE}.Debug|Any CPU.Build.0 = Debug|Any CPU
		{7357BC80-EA8E-4294-8E49-96F677743DEE}.Release|Any CPU.ActiveCfg = Release|Any CPU
		{7357BC80-EA8E-4294-8E49-96F677743DEE}.Release|Any CPU.Build.0 = Release|Any CPU
		{A7107A48-1551-46C5-A383-7BD0C139590D}.Debug|Any CPU.ActiveCfg = Debug|Any CPU
		{A7107A48-1551-46C5-A383-7BD0C139590D}.Debug|Any CPU.Build.0 = Debug|Any CPU
		{A7107A48-1551-46C5-A383-7BD0C139590D}.Release|Any CPU.ActiveCfg = Release|Any CPU
		{A7107A48-1551-46C5-A383-7BD0C139590D}.Release|Any CPU.Build.0 = Release|Any CPU
		{A632FA54-51EA-4A07-8B56-69145F65E0AA}.Debug|Any CPU.ActiveCfg = Debug|Any CPU
		{A632FA54-51EA-4A07-8B56-69145F65E0AA}.Debug|Any CPU.Build.0 = Debug|Any CPU
		{A632FA54-51EA-4A07-8B56-69145F65E0AA}.Release|Any CPU.ActiveCfg = Release|Any CPU
		{A632FA54-51EA-4A07-8B56-69145F65E0AA}.Release|Any CPU.Build.0 = Release|Any CPU
		{45CF5B1E-A7F5-4378-8A54-5A3087E2D643}.Debug|Any CPU.ActiveCfg = Debug|Any CPU
		{45CF5B1E-A7F5-4378-8A54-5A3087E2D643}.Debug|Any CPU.Build.0 = Debug|Any CPU
		{45CF5B1E-A7F5-4378-8A54-5A3087E2D643}.Release|Any CPU.ActiveCfg = Release|Any CPU
		{45CF5B1E-A7F5-4378-8A54-5A3087E2D643}.Release|Any CPU.Build.0 = Release|Any CPU
		{7C5E32B9-4EAE-47D7-A5CD-F17A0612C0FF}.Debug|Any CPU.ActiveCfg = Debug|Any CPU
		{7C5E32B9-4EAE-47D7-A5CD-F17A0612C0FF}.Debug|Any CPU.Build.0 = Debug|Any CPU
		{7C5E32B9-4EAE-47D7-A5CD-F17A0612C0FF}.Release|Any CPU.ActiveCfg = Release|Any CPU
		{7C5E32B9-4EAE-47D7-A5CD-F17A0612C0FF}.Release|Any CPU.Build.0 = Release|Any CPU
		{3B3AAC22-B058-42E4-A98C-1EBFB2596FEF}.Debug|Any CPU.ActiveCfg = Debug|Any CPU
		{3B3AAC22-B058-42E4-A98C-1EBFB2596FEF}.Debug|Any CPU.Build.0 = Debug|Any CPU
		{3B3AAC22-B058-42E4-A98C-1EBFB2596FEF}.Release|Any CPU.ActiveCfg = Release|Any CPU
		{3B3AAC22-B058-42E4-A98C-1EBFB2596FEF}.Release|Any CPU.Build.0 = Release|Any CPU
		{308C159E-5ECC-410E-8FD9-8EA4674D2169}.Debug|Any CPU.ActiveCfg = Debug|Any CPU
		{308C159E-5ECC-410E-8FD9-8EA4674D2169}.Debug|Any CPU.Build.0 = Debug|Any CPU
		{308C159E-5ECC-410E-8FD9-8EA4674D2169}.Release|Any CPU.ActiveCfg = Release|Any CPU
		{308C159E-5ECC-410E-8FD9-8EA4674D2169}.Release|Any CPU.Build.0 = Release|Any CPU
		{5B484361-3E10-407C-BFB8-1F8D845EC374}.Debug|Any CPU.ActiveCfg = Debug|Any CPU
		{5B484361-3E10-407C-BFB8-1F8D845EC374}.Debug|Any CPU.Build.0 = Debug|Any CPU
		{5B484361-3E10-407C-BFB8-1F8D845EC374}.Release|Any CPU.ActiveCfg = Release|Any CPU
		{5B484361-3E10-407C-BFB8-1F8D845EC374}.Release|Any CPU.Build.0 = Release|Any CPU
		{944EBBA3-8B0E-4711-BD7A-5D6D4174609A}.Debug|Any CPU.ActiveCfg = Debug|Any CPU
		{944EBBA3-8B0E-4711-BD7A-5D6D4174609A}.Debug|Any CPU.Build.0 = Debug|Any CPU
		{944EBBA3-8B0E-4711-BD7A-5D6D4174609A}.Release|Any CPU.ActiveCfg = Release|Any CPU
		{944EBBA3-8B0E-4711-BD7A-5D6D4174609A}.Release|Any CPU.Build.0 = Release|Any CPU
	EndGlobalSection
EndGlobal
